
Microsoft Visual Studio Solution File, Format Version 12.00
# Visual Studio Version 17
VisualStudioVersion = 17.4.33103.184
MinimumVisualStudioVersion = 10.0.40219.1
Project("{9A19103F-16F7-4668-BE54-9A1E7A4F7556}") = "Zadanie_4", "Zadanie_4.csproj", "{1BB581F9-2829-43D0-A88F-46BEA75BE5BC}"
EndProject
Global
	GlobalSection(SolutionConfigurationPlatforms) = preSolution
		Debug|Any CPU = Debug|Any CPU
		Release|Any CPU = Release|Any CPU
	EndGlobalSection
	GlobalSection(ProjectConfigurationPlatforms) = postSolution
		{1BB581F9-2829-43D0-A88F-46BEA75BE5BC}.Debug|Any CPU.ActiveCfg = Debug|Any CPU
		{1BB581F9-2829-43D0-A88F-46BEA75BE5BC}.Debug|Any CPU.Build.0 = Debug|Any CPU
		{1BB581F9-2829-43D0-A88F-46BEA75BE5BC}.Release|Any CPU.ActiveCfg = Release|Any CPU
		{1BB581F9-2829-43D0-A88F-46BEA75BE5BC}.Release|Any CPU.Build.0 = Release|Any CPU
	EndGlobalSection
	GlobalSection(SolutionProperties) = preSolution
		HideSolutionNode = FALSE
	EndGlobalSection
	GlobalSection(ExtensibilityGlobals) = postSolution
		SolutionGuid = {DA5D4C60-C34D-4874-879F-231CD96DEF59}
	EndGlobalSection
EndGlobal
